
Microsoft Visual Studio Solution File, Format Version 12.00
Project("{FAE04EC0-301F-11D3-BF4B-00C04F79EFBC}") = "Cpb.Api", "Cpb.Api\Cpb.Api.csproj", "{27D12AD4-DFDA-4525-9A28-739823983C37}"
EndProject
Project("{2150E333-8FDC-42A3-9474-1A3956D46DE8}") = "Solution Items", "Solution Items", "{C7E21BAE-5D58-46B2-A4E5-A2304D72B0D0}"
	ProjectSection(SolutionItems) = preProject
		docker-compose.yml = docker-compose.yml
		Makefile = Makefile
	EndProjectSection
EndProject
Project("{FAE04EC0-301F-11D3-BF4B-00C04F79EFBC}") = "Cpb.Database", "Cpb.Database\Cpb.Database.csproj", "{2D7B996C-4E23-4F4C-943C-CD0EFD0AE21E}"
EndProject
Project("{FAE04EC0-301F-11D3-BF4B-00C04F79EFBC}") = "Cpb.Application", "Cpb.Application\Cpb.Application.csproj", "{5BBCE03F-26E4-4DE8-8581-A5103CF87A95}"
EndProject
Project("{FAE04EC0-301F-11D3-BF4B-00C04F79EFBC}") = "Cpb.Domain", "Cpb.Domain\Cpb.Domain.csproj", "{B4816EE2-9B2B-4E82-8666-8E5AC7ABB123}"
EndProject
Project("{FAE04EC0-301F-11D3-BF4B-00C04F79EFBC}") = "Cpb.Common", "Cpb.Common\Cpb.Common.csproj", "{439720BA-852F-41EA-9A4C-2EE9919B2BC7}"
EndProject
Global
	GlobalSection(SolutionConfigurationPlatforms) = preSolution
		Debug|Any CPU = Debug|Any CPU
		Release|Any CPU = Release|Any CPU
	EndGlobalSection
	GlobalSection(ProjectConfigurationPlatforms) = postSolution
		{27D12AD4-DFDA-4525-9A28-739823983C37}.Debug|Any CPU.ActiveCfg = Debug|Any CPU
		{27D12AD4-DFDA-4525-9A28-739823983C37}.Debug|Any CPU.Build.0 = Debug|Any CPU
		{27D12AD4-DFDA-4525-9A28-739823983C37}.Release|Any CPU.ActiveCfg = Release|Any CPU
		{27D12AD4-DFDA-4525-9A28-739823983C37}.Release|Any CPU.Build.0 = Release|Any CPU
		{2D7B996C-4E23-4F4C-943C-CD0EFD0AE21E}.Debug|Any CPU.ActiveCfg = Debug|Any CPU
		{2D7B996C-4E23-4F4C-943C-CD0EFD0AE21E}.Debug|Any CPU.Build.0 = Debug|Any CPU
		{2D7B996C-4E23-4F4C-943C-CD0EFD0AE21E}.Release|Any CPU.ActiveCfg = Release|Any CPU
		{2D7B996C-4E23-4F4C-943C-CD0EFD0AE21E}.Release|Any CPU.Build.0 = Release|Any CPU
		{5BBCE03F-26E4-4DE8-8581-A5103CF87A95}.Debug|Any CPU.ActiveCfg = Debug|Any CPU
		{5BBCE03F-26E4-4DE8-8581-A5103CF87A95}.Debug|Any CPU.Build.0 = Debug|Any CPU
		{5BBCE03F-26E4-4DE8-8581-A5103CF87A95}.Release|Any CPU.ActiveCfg = Release|Any CPU
		{5BBCE03F-26E4-4DE8-8581-A5103CF87A95}.Release|Any CPU.Build.0 = Release|Any CPU
		{B4816EE2-9B2B-4E82-8666-8E5AC7ABB123}.Debug|Any CPU.ActiveCfg = Debug|Any CPU
		{B4816EE2-9B2B-4E82-8666-8E5AC7ABB123}.Debug|Any CPU.Build.0 = Debug|Any CPU
		{B4816EE2-9B2B-4E82-8666-8E5AC7ABB123}.Release|Any CPU.ActiveCfg = Release|Any CPU
		{B4816EE2-9B2B-4E82-8666-8E5AC7ABB123}.Release|Any CPU.Build.0 = Release|Any CPU
		{439720BA-852F-41EA-9A4C-2EE9919B2BC7}.Debug|Any CPU.ActiveCfg = Debug|Any CPU
		{439720BA-852F-41EA-9A4C-2EE9919B2BC7}.Debug|Any CPU.Build.0 = Debug|Any CPU
		{439720BA-852F-41EA-9A4C-2EE9919B2BC7}.Release|Any CPU.ActiveCfg = Release|Any CPU
		{439720BA-852F-41EA-9A4C-2EE9919B2BC7}.Release|Any CPU.Build.0 = Release|Any CPU
	EndGlobalSection
EndGlobal
